
Microsoft Visual Studio Solution File, Format Version 12.00
# Visual Studio 15
VisualStudioVersion = 15.0.28307.271
MinimumVisualStudioVersion = 10.0.40219.1
Project("{FAE04EC0-301F-11D3-BF4B-00C04F79EFBC}") = "GameOfLife", "GameOfLife\GameOfLife.csproj", "{73E9E417-E23F-45E9-8EB9-67E327B9553B}"
EndProject
Project("{FAE04EC0-301F-11D3-BF4B-00C04F79EFBC}") = "GameSimulation", "GameSimulation\GameSimulation.csproj", "{A165722B-EEBA-4767-8BB8-7B96BFBD0C87}"
EndProject
Global
	GlobalSection(SolutionConfigurationPlatforms) = preSolution
		Debug|Any CPU = Debug|Any CPU
		Release|Any CPU = Release|Any CPU
	EndGlobalSection
	GlobalSection(ProjectConfigurationPlatforms) = postSolution
		{73E9E417-E23F-45E9-8EB9-67E327B9553B}.Debug|Any CPU.ActiveCfg = Debug|Any CPU
		{73E9E417-E23F-45E9-8EB9-67E327B9553B}.Debug|Any CPU.Build.0 = Debug|Any CPU
		{73E9E417-E23F-45E9-8EB9-67E327B9553B}.Release|Any CPU.ActiveCfg = Release|Any CPU
		{73E9E417-E23F-45E9-8EB9-67E327B9553B}.Release|Any CPU.Build.0 = Release|Any CPU
		{A165722B-EEBA-4767-8BB8-7B96BFBD0C87}.Debug|Any CPU.ActiveCfg = Debug|Any CPU
		{A165722B-EEBA-4767-8BB8-7B96BFBD0C87}.Debug|Any CPU.Build.0 = Debug|Any CPU
		{A165722B-EEBA-4767-8BB8-7B96BFBD0C87}.Release|Any CPU.ActiveCfg = Release|Any CPU
		{A165722B-EEBA-4767-8BB8-7B96BFBD0C87}.Release|Any CPU.Build.0 = Release|Any CPU
	EndGlobalSection
	GlobalSection(SolutionProperties) = preSolution
		HideSolutionNode = FALSE
	EndGlobalSection
	GlobalSection(ExtensibilityGlobals) = postSolution
		SolutionGuid = {06F38715-D8B7-4815-9942-7C16249BE64E}
	EndGlobalSection
EndGlobal
